# This file is generated by `zrail update`; do not edit by hand.
schema = 1
semantics = 1
producer = "0.0.1"
contract_sha256 = "519e6d369d359c27f459481b4260cfc5ac749bd6a258744f8f526cabcd35190a"

[[package]]
name = "rafter"

[[package.dependency]]
alias = "criterion"
name = "criterion"
crate_root = "criterion"
kind = "development"
scope = "external"
optional = false
default_features = false

[package.dependency.source]
kind = "registry"
requirement = "0.5"

[[package.dependency]]
alias = "proc-macro2"
name = "proc-macro2"
kind = "development"
scope = "external"
optional = false
default_features = true

[package.dependency.source]
kind = "registry"
requirement = "1"

[[package.dependency]]
alias = "proptest"
name = "proptest"
crate_root = "proptest"
kind = "development"
scope = "external"
optional = false
default_features = true

[package.dependency.source]
kind = "registry"
requirement = "1"

[[package.dependency]]
alias = "rafter-invariant-test"
name = "rafter-invariant-test"
crate_root = "rafter_invariant_test"
kind = "development"
scope = "internal"
optional = false
default_features = true

[package.dependency.source]
kind = "workspace-member"
directory = "crates/rafter-invariant-test"

[[package.dependency]]
alias = "syn"
name = "syn"
crate_root = "syn"
kind = "development"
scope = "external"
optional = false
default_features = true
features = [
    "full",
    "visit",
]

[package.dependency.source]
kind = "registry"
requirement = "2"

[[package]]
name = "rafter-app"

[[package.dependency]]
alias = "rafter"
name = "rafter"
crate_root = "rafter"
kind = "normal"
scope = "internal"
optional = false
default_features = true

[package.dependency.source]
kind = "workspace-member"
directory = "crates/rafter"
requirement = "=0.0.2-alpha.1"

[[package.dependency]]
alias = "rafter-invariant-test"
name = "rafter-invariant-test"
crate_root = "rafter_invariant_test"
kind = "development"
scope = "internal"
optional = false
default_features = true

[package.dependency.source]
kind = "workspace-member"
directory = "crates/rafter-invariant-test"

[[package.dependency]]
alias = "rafter-runtime"
name = "rafter-runtime"
crate_root = "rafter_runtime"
kind = "development"
scope = "internal"
optional = false
default_features = true

[package.dependency.source]
kind = "workspace-member"
directory = "crates/rafter-runtime"
requirement = "=0.0.2-alpha.1"

[[package.dependency]]
alias = "rafter-runtime-api"
name = "rafter-runtime-api"
crate_root = "rafter_runtime_api"
kind = "normal"
scope = "internal"
optional = false
default_features = true

[package.dependency.source]
kind = "workspace-member"
directory = "crates/rafter-runtime-api"
requirement = "=0.0.2-alpha.1"

[[package.dependency]]
alias = "rafter-storage"
name = "rafter-storage"
crate_root = "rafter_storage"
kind = "development"
scope = "internal"
optional = false
default_features = true

[package.dependency.source]
kind = "workspace-member"
directory = "crates/rafter-storage"
requirement = "=0.0.2-alpha.1"

[[package]]
name = "rafter-codec"

[[package.dependency]]
alias = "criterion"
name = "criterion"
crate_root = "criterion"
kind = "development"
scope = "external"
optional = false
default_features = false

[package.dependency.source]
kind = "registry"
requirement = "0.5"

[[package.dependency]]
alias = "proptest"
name = "proptest"
crate_root = "proptest"
kind = "development"
scope = "external"
optional = false
default_features = true

[package.dependency.source]
kind = "registry"
requirement = "1"

[[package.dependency]]
alias = "rafter"
name = "rafter"
crate_root = "rafter"
kind = "normal"
scope = "internal"
optional = false
default_features = true

[package.dependency.source]
kind = "workspace-member"
directory = "crates/rafter"
requirement = "=0.0.2-alpha.1"

[[package.dependency]]
alias = "rafter-crc32"
name = "rafter-crc32"
crate_root = "rafter_crc32"
kind = "normal"
scope = "internal"
optional = false
default_features = true

[package.dependency.source]
kind = "workspace-member"
directory = "crates/rafter-crc32"
requirement = "=0.0.2-alpha.1"

[[package]]
name = "rafter-crc32"
dependency = []

[[package]]
name = "rafter-invariant-test"

[[package.dependency]]
alias = "nix"
name = "nix"
kind = "normal"
scope = "external"
target = "cfg(unix)"
optional = false
default_features = false
features = ["socket"]

[package.dependency.source]
kind = "registry"
requirement = "0.31.3"

[[package.dependency]]
alias = "rafter-invariant-test-macros"
name = "rafter-invariant-test-macros"
crate_root = "rafter_invariant_test_macros"
kind = "normal"
scope = "internal"
optional = false
default_features = true

[package.dependency.source]
kind = "workspace-member"
directory = "crates/rafter-invariant-test-macros"

[[package.dependency]]
alias = "trybuild"
name = "trybuild"
kind = "development"
scope = "external"
optional = false
default_features = true

[package.dependency.source]
kind = "registry"
requirement = "1"

[[package]]
name = "rafter-invariant-test-macros"

[[package.dependency]]
alias = "proc-macro2"
name = "proc-macro2"
kind = "normal"
scope = "external"
optional = false
default_features = true

[package.dependency.source]
kind = "registry"
requirement = "1"

[[package.dependency]]
alias = "quote"
name = "quote"
crate_root = "quote"
kind = "normal"
scope = "external"
optional = false
default_features = true

[package.dependency.source]
kind = "registry"
requirement = "1"

[[package.dependency]]
alias = "syn"
name = "syn"
crate_root = "syn"
kind = "normal"
scope = "external"
optional = false
default_features = true
features = ["full"]

[package.dependency.source]
kind = "registry"
requirement = "2"

[[package]]
name = "rafter-invariants"

[[package.dependency]]
alias = "cap-fs-ext"
name = "cap-fs-ext"
kind = "normal"
scope = "external"
optional = false
default_features = true

[package.dependency.source]
kind = "registry"
requirement = "4.0.2"

[[package.dependency]]
alias = "cap-std"
name = "cap-std"
kind = "normal"
scope = "external"
optional = false
default_features = true

[package.dependency.source]
kind = "registry"
requirement = "4.0.2"

[[package.dependency]]
alias = "clap"
name = "clap"
crate_root = "clap"
kind = "normal"
scope = "external"
optional = false
default_features = true
features = ["derive"]

[package.dependency.source]
kind = "registry"
requirement = "4"

[[package.dependency]]
alias = "command-fds"
name = "command-fds"
kind = "normal"
scope = "external"
target = "cfg(unix)"
optional = false
default_features = true

[package.dependency.source]
kind = "registry"
requirement = "0.3.3"

[[package.dependency]]
alias = "edn-format"
name = "edn-format"
kind = "normal"
scope = "external"
optional = false
default_features = true

[package.dependency.source]
kind = "registry"
requirement = "3.3.0"

[[package.dependency]]
alias = "flate2"
name = "flate2"
kind = "normal"
scope = "external"
optional = false
default_features = true

[package.dependency.source]
kind = "registry"
requirement = "1.1.9"

[[package.dependency]]
alias = "jsonschema"
name = "jsonschema"
kind = "normal"
scope = "external"
optional = false
default_features = false

[package.dependency.source]
kind = "registry"
requirement = "0.33.0"

[[package.dependency]]
alias = "nix"
name = "nix"
kind = "normal"
scope = "external"
target = "cfg(unix)"
optional = false
default_features = false
features = ["socket"]

[package.dependency.source]
kind = "registry"
requirement = "0.31.3"

[[package.dependency]]
alias = "proc-macro2"
name = "proc-macro2"
kind = "normal"
scope = "external"
optional = false
default_features = true

[package.dependency.source]
kind = "registry"
requirement = "1"

[[package.dependency]]
alias = "quick-xml"
name = "quick-xml"
kind = "development"
scope = "external"
optional = false
default_features = true

[package.dependency.source]
kind = "registry"
requirement = "0.39.4"

[[package.dependency]]
alias = "rafter"
name = "rafter"
crate_root = "rafter"
kind = "development"
scope = "internal"
optional = false
default_features = true

[package.dependency.source]
kind = "workspace-member"
directory = "crates/rafter"

[[package.dependency]]
alias = "rafter-sim"
name = "rafter-sim"
crate_root = "rafter_sim"
kind = "development"
scope = "internal"
optional = false
default_features = true

[package.dependency.source]
kind = "workspace-member"
directory = "crates/rafter-sim"

[[package.dependency]]
alias = "rustix"
name = "rustix"
kind = "normal"
scope = "external"
target = "cfg(unix)"
optional = false
default_features = true
features = [
    "fs",
    "process",
]

[package.dependency.source]
kind = "registry"
requirement = "1.1.4"

[[package.dependency]]
alias = "serde"
name = "serde"
crate_root = "serde"
kind = "normal"
scope = "external"
optional = false
default_features = true
features = ["derive"]

[package.dependency.source]
kind = "registry"
requirement = "1"

[[package.dependency]]
alias = "serde_json"
name = "serde_json"
crate_root = "serde_json"
kind = "normal"
scope = "external"
optional = false
default_features = true

[package.dependency.source]
kind = "registry"
requirement = "1"

[[package.dependency]]
alias = "sha1"
name = "sha1"
kind = "normal"
scope = "external"
optional = false
default_features = true

[package.dependency.source]
kind = "registry"
requirement = "0.10"

[[package.dependency]]
alias = "sha2"
name = "sha2"
kind = "normal"
scope = "external"
optional = false
default_features = true

[package.dependency.source]
kind = "registry"
requirement = "0.10"

[[package.dependency]]
alias = "syn"
name = "syn"
crate_root = "syn"
kind = "normal"
scope = "external"
optional = false
default_features = true
features = [
    "full",
    "visit",
]

[package.dependency.source]
kind = "registry"
requirement = "2"

[[package.dependency]]
alias = "tar"
name = "tar"
kind = "normal"
scope = "external"
optional = false
default_features = true

[package.dependency.source]
kind = "registry"
requirement = "0.4.45"

[[package.dependency]]
alias = "tempfile"
name = "tempfile"
kind = "normal"
scope = "external"
optional = false
default_features = true

[package.dependency.source]
kind = "registry"
requirement = "3"

[[package.dependency]]
alias = "toml"
name = "toml"
kind = "normal"
scope = "external"
optional = false
default_features = true

[package.dependency.source]
kind = "registry"
requirement = "0.8"

[[package]]
name = "rafter-maelstrom"

[[package.dependency]]
alias = "rafter"
name = "rafter"
crate_root = "rafter"
kind = "normal"
scope = "internal"
optional = false
default_features = true

[package.dependency.source]
kind = "workspace-member"
directory = "crates/rafter"
requirement = "=0.0.2-alpha.1"

[[package.dependency]]
alias = "rafter-codec"
name = "rafter-codec"
crate_root = "rafter_codec"
kind = "normal"
scope = "internal"
optional = false
default_features = true

[package.dependency.source]
kind = "workspace-member"
directory = "crates/rafter-codec"
requirement = "=0.0.2-alpha.1"

[[package.dependency]]
alias = "rafter-invariant-test"
name = "rafter-invariant-test"
crate_root = "rafter_invariant_test"
kind = "development"
scope = "internal"
optional = false
default_features = true

[package.dependency.source]
kind = "workspace-member"
directory = "crates/rafter-invariant-test"

[[package.dependency]]
alias = "rafter-runtime"
name = "rafter-runtime"
crate_root = "rafter_runtime"
kind = "normal"
scope = "internal"
optional = false
default_features = true

[package.dependency.source]
kind = "workspace-member"
directory = "crates/rafter-runtime"
requirement = "=0.0.2-alpha.1"

[[package.dependency]]
alias = "rafter-storage"
name = "rafter-storage"
crate_root = "rafter_storage"
kind = "normal"
scope = "internal"
optional = false
default_features = true

[package.dependency.source]
kind = "workspace-member"
directory = "crates/rafter-storage"
requirement = "=0.0.2-alpha.1"

[[package.dependency]]
alias = "serde"
name = "serde"
crate_root = "serde"
kind = "normal"
scope = "external"
optional = false
default_features = true
features = ["derive"]

[package.dependency.source]
kind = "registry"
requirement = "1"

[[package.dependency]]
alias = "serde_json"
name = "serde_json"
crate_root = "serde_json"
kind = "normal"
scope = "external"
optional = false
default_features = true

[package.dependency.source]
kind = "registry"
requirement = "1"

[[package]]
name = "rafter-multiraft"

[[package.dependency]]
alias = "rafter"
name = "rafter"
crate_root = "rafter"
kind = "development"
scope = "internal"
optional = false
default_features = true

[package.dependency.source]
kind = "workspace-member"
directory = "crates/rafter"
requirement = "=0.0.2-alpha.1"

[[package.dependency]]
alias = "rafter-app"
name = "rafter-app"
crate_root = "rafter_app"
kind = "normal"
scope = "internal"
optional = false
default_features = true

[package.dependency.source]
kind = "workspace-member"
directory = "crates/rafter-app"
requirement = "=0.0.2-alpha.1"

[[package.dependency]]
alias = "rafter-runtime"
name = "rafter-runtime"
crate_root = "rafter_runtime"
kind = "development"
scope = "internal"
optional = false
default_features = true

[package.dependency.source]
kind = "workspace-member"
directory = "crates/rafter-runtime"
requirement = "=0.0.2-alpha.1"

[[package.dependency]]
alias = "rafter-runtime-api"
name = "rafter-runtime-api"
crate_root = "rafter_runtime_api"
kind = "normal"
scope = "internal"
optional = false
default_features = true

[package.dependency.source]
kind = "workspace-member"
directory = "crates/rafter-runtime-api"
requirement = "=0.0.2-alpha.1"

[[package.dependency]]
alias = "rafter-storage"
name = "rafter-storage"
crate_root = "rafter_storage"
kind = "development"
scope = "internal"
optional = false
default_features = true

[package.dependency.source]
kind = "workspace-member"
directory = "crates/rafter-storage"
requirement = "=0.0.2-alpha.1"

[[package]]
name = "rafter-runtime"

[[package.dependency]]
alias = "rafter"
name = "rafter"
crate_root = "rafter"
kind = "normal"
scope = "internal"
optional = false
default_features = true

[package.dependency.source]
kind = "workspace-member"
directory = "crates/rafter"
requirement = "=0.0.2-alpha.1"

[[package.dependency]]
alias = "rafter-invariant-test"
name = "rafter-invariant-test"
crate_root = "rafter_invariant_test"
kind = "development"
scope = "internal"
optional = false
default_features = true

[package.dependency.source]
kind = "workspace-member"
directory = "crates/rafter-invariant-test"

[[package.dependency]]
alias = "rafter-runtime-api"
name = "rafter-runtime-api"
crate_root = "rafter_runtime_api"
kind = "normal"
scope = "internal"
optional = false
default_features = true

[package.dependency.source]
kind = "workspace-member"
directory = "crates/rafter-runtime-api"
requirement = "=0.0.2-alpha.1"

[[package.dependency]]
alias = "rafter-storage"
name = "rafter-storage"
crate_root = "rafter_storage"
kind = "normal"
scope = "internal"
optional = false
default_features = true

[package.dependency.source]
kind = "workspace-member"
directory = "crates/rafter-storage"
requirement = "=0.0.2-alpha.1"

[[package.dependency]]
alias = "rafter-transport-tcp-insecure"
name = "rafter-transport-tcp-insecure"
crate_root = "rafter_transport_tcp_insecure"
kind = "development"
scope = "internal"
optional = false
default_features = true

[package.dependency.source]
kind = "workspace-member"
directory = "crates/rafter-transport-tcp-insecure"
requirement = "=0.0.2-alpha.1"

[[package]]
name = "rafter-runtime-api"

[[package.dependency]]
alias = "rafter"
name = "rafter"
crate_root = "rafter"
kind = "normal"
scope = "internal"
optional = false
default_features = true

[package.dependency.source]
kind = "workspace-member"
directory = "crates/rafter"
requirement = "=0.0.2-alpha.1"

[[package]]
name = "rafter-service"

[[package.dependency]]
alias = "rafter"
name = "rafter"
crate_root = "rafter"
kind = "normal"
scope = "internal"
optional = false
default_features = true

[package.dependency.source]
kind = "workspace-member"
directory = "crates/rafter"
requirement = "=0.0.2-alpha.1"

[[package.dependency]]
alias = "rafter-app"
name = "rafter-app"
crate_root = "rafter_app"
kind = "normal"
scope = "internal"
optional = false
default_features = true

[package.dependency.source]
kind = "workspace-member"
directory = "crates/rafter-app"
requirement = "=0.0.2-alpha.1"

[[package.dependency]]
alias = "rafter-runtime"
name = "rafter-runtime"
crate_root = "rafter_runtime"
kind = "development"
scope = "internal"
optional = false
default_features = true

[package.dependency.source]
kind = "workspace-member"
directory = "crates/rafter-runtime"
requirement = "=0.0.2-alpha.1"

[[package.dependency]]
alias = "rafter-runtime-api"
name = "rafter-runtime-api"
crate_root = "rafter_runtime_api"
kind = "normal"
scope = "internal"
optional = false
default_features = true

[package.dependency.source]
kind = "workspace-member"
directory = "crates/rafter-runtime-api"
requirement = "=0.0.2-alpha.1"

[[package.dependency]]
alias = "rafter-storage"
name = "rafter-storage"
crate_root = "rafter_storage"
kind = "development"
scope = "internal"
optional = false
default_features = true

[package.dependency.source]
kind = "workspace-member"
directory = "crates/rafter-storage"
requirement = "=0.0.2-alpha.1"

[[package]]
name = "rafter-sim"

[[package.dependency]]
alias = "rafter"
name = "rafter"
crate_root = "rafter"
kind = "normal"
scope = "internal"
optional = false
default_features = true

[package.dependency.source]
kind = "workspace-member"
directory = "crates/rafter"
requirement = "=0.0.2-alpha.1"

[[package.dependency]]
alias = "rafter-invariant-test"
name = "rafter-invariant-test"
crate_root = "rafter_invariant_test"
kind = "development"
scope = "internal"
optional = false
default_features = true

[package.dependency.source]
kind = "workspace-member"
directory = "crates/rafter-invariant-test"

[[package.dependency]]
alias = "serde_json"
name = "serde_json"
crate_root = "serde_json"
kind = "normal"
scope = "external"
optional = false
default_features = true

[package.dependency.source]
kind = "registry"
requirement = "1"

[[package]]
name = "rafter-storage"

[[package.dependency]]
alias = "fs4"
name = "fs4"
kind = "normal"
scope = "external"
optional = false
default_features = false
features = ["sync"]

[package.dependency.source]
kind = "registry"
requirement = "1.1.0"

[[package.dependency]]
alias = "rafter"
name = "rafter"
crate_root = "rafter"
kind = "normal"
scope = "internal"
optional = false
default_features = true

[package.dependency.source]
kind = "workspace-member"
directory = "crates/rafter"
requirement = "=0.0.2-alpha.1"

[[package.dependency]]
alias = "rafter-crc32"
name = "rafter-crc32"
crate_root = "rafter_crc32"
kind = "normal"
scope = "internal"
optional = false
default_features = true

[package.dependency.source]
kind = "workspace-member"
directory = "crates/rafter-crc32"
requirement = "=0.0.2-alpha.1"

[[package.dependency]]
alias = "rafter-invariant-test"
name = "rafter-invariant-test"
crate_root = "rafter_invariant_test"
kind = "development"
scope = "internal"
optional = false
default_features = true

[package.dependency.source]
kind = "workspace-member"
directory = "crates/rafter-invariant-test"

[[package]]
name = "rafter-transport-tcp-insecure"

[[package.dependency]]
alias = "rafter"
name = "rafter"
crate_root = "rafter"
kind = "normal"
scope = "internal"
optional = false
default_features = true

[package.dependency.source]
kind = "workspace-member"
directory = "crates/rafter"
requirement = "=0.0.2-alpha.1"

[[package.dependency]]
alias = "rafter-codec"
name = "rafter-codec"
crate_root = "rafter_codec"
kind = "normal"
scope = "internal"
optional = false
default_features = true

[package.dependency.source]
kind = "workspace-member"
directory = "crates/rafter-codec"
requirement = "=0.0.2-alpha.1"

[[package]]
name = "rafter-transport-tls"

[[package.dependency]]
alias = "fs4"
name = "fs4"
kind = "normal"
scope = "external"
optional = false
default_features = false
features = ["sync"]

[package.dependency.source]
kind = "registry"
requirement = "1.1.0"

[[package.dependency]]
alias = "rafter"
name = "rafter"
crate_root = "rafter"
kind = "normal"
scope = "internal"
optional = false
default_features = true

[package.dependency.source]
kind = "workspace-member"
directory = "crates/rafter"
requirement = "=0.0.2-alpha.1"

[[package.dependency]]
alias = "rafter-app"
name = "rafter-app"
crate_root = "rafter_app"
kind = "development"
scope = "internal"
optional = false
default_features = true

[package.dependency.source]
kind = "workspace-member"
directory = "crates/rafter-app"
requirement = "=0.0.2-alpha.1"

[[package.dependency]]
alias = "rafter-codec"
name = "rafter-codec"
crate_root = "rafter_codec"
kind = "normal"
scope = "internal"
optional = false
default_features = true

[package.dependency.source]
kind = "workspace-member"
directory = "crates/rafter-codec"
requirement = "=0.0.2-alpha.1"

[[package.dependency]]
alias = "rafter-crc32"
name = "rafter-crc32"
crate_root = "rafter_crc32"
kind = "normal"
scope = "internal"
optional = false
default_features = true

[package.dependency.source]
kind = "workspace-member"
directory = "crates/rafter-crc32"
requirement = "=0.0.2-alpha.1"

[[package.dependency]]
alias = "rafter-runtime"
name = "rafter-runtime"
crate_root = "rafter_runtime"
kind = "development"
scope = "internal"
optional = false
default_features = true

[package.dependency.source]
kind = "workspace-member"
directory = "crates/rafter-runtime"
requirement = "=0.0.2-alpha.1"

[[package.dependency]]
alias = "rafter-service"
name = "rafter-service"
crate_root = "rafter_service"
kind = "normal"
scope = "internal"
optional = false
default_features = true

[package.dependency.source]
kind = "workspace-member"
directory = "crates/rafter-service"
requirement = "=0.0.2-alpha.1"

[[package.dependency]]
alias = "rafter-storage"
name = "rafter-storage"
crate_root = "rafter_storage"
kind = "development"
scope = "internal"
optional = false
default_features = true

[package.dependency.source]
kind = "workspace-member"
directory = "crates/rafter-storage"
requirement = "=0.0.2-alpha.1"

[[package.dependency]]
alias = "rustls"
name = "rustls"
kind = "normal"
scope = "external"
optional = false
default_features = false
features = [
    "ring",
    "std",
]

[package.dependency.source]
kind = "registry"
requirement = "0.23.42"

[[package.dependency]]
alias = "sha2"
name = "sha2"
kind = "normal"
scope = "external"
optional = false
default_features = true

[package.dependency.source]
kind = "registry"
requirement = "0.10.9"

[[gate]]
name = "ci"
path = ".github/workflows/ci.yml"
sha256 = "1b3a3fe2b4af6487c3872b3e38d3949893fe1e3d674f5a956c0bd3652655b56e"

[[gate.input]]
path = ".github/actions/configure-invariant-cargo/action.yml"
sha256 = "d0bd42b67da87cd2aafabb4df2c3dc9a26bad783968911c44dc73b3aa7931559"

[[gate.input]]
path = ".github/actions/setup-invariant-verifier/action.yml"
sha256 = "1a9e71c5d96b357f8dec764d4d0ab6dfb2f914a8c117d5ed448a10d4e4cd18e9"

[[gate.input]]
path = ".github/actions/setup-rust/action.yml"
sha256 = "4adb8f2b8f881839631c73e4f3d759616b8f380489c7ea23e5b549ba8e422053"

[[gate]]
name = "rustdoc"
path = "scripts/rustdoc-check"
sha256 = "c45a71ad5c57a10df1d4329debff73612ec80a4f1413ce4d378fe3174bfb90d4"

[[ratchet]]
rule = "rust.file-size"
target = "crates/rafter-app/src/error.rs"
value = 591

[[ratchet]]
rule = "rust.file-size"
target = "crates/rafter-app/src/group/membership.rs"
value = 325

[[ratchet]]
rule = "rust.file-size"
target = "crates/rafter-app/src/group/output.rs"
value = 520

[[ratchet]]
rule = "rust.file-size"
target = "crates/rafter-app/src/group/proposal.rs"
value = 344

[[ratchet]]
rule = "rust.file-size"
target = "crates/rafter-app/src/group/read.rs"
value = 687

[[ratchet]]
rule = "rust.file-size"
target = "crates/rafter-app/src/group/types.rs"
value = 934

[[ratchet]]
rule = "rust.file-size"
target = "crates/rafter-app/src/lib.rs"
value = 252

[[ratchet]]
rule = "rust.file-size"
target = "crates/rafter-app/src/membership.rs"
value = 394

[[ratchet]]
rule = "rust.file-size"
target = "crates/rafter-app/src/read.rs"
value = 313

[[ratchet]]
rule = "rust.file-size"
target = "crates/rafter-app/src/state_machine.rs"
value = 304

[[ratchet]]
rule = "rust.file-size"
target = "crates/rafter-app/src/transport.rs"
value = 531

[[ratchet]]
rule = "rust.file-size"
target = "crates/rafter-app/tests/gen7_boundary_probe.rs"
value = 666

[[ratchet]]
rule = "rust.file-size"
target = "crates/rafter-app/tests/group_apply.rs"
value = 610

[[ratchet]]
rule = "rust.file-size"
target = "crates/rafter-app/tests/group_lifecycle.rs"
value = 724

[[ratchet]]
rule = "rust.file-size"
target = "crates/rafter-app/tests/group_membership_losslessness.rs"
value = 758

[[ratchet]]
rule = "rust.file-size"
target = "crates/rafter-app/tests/group_proposal_lifecycle.rs"
value = 1459

[[ratchet]]
rule = "rust.file-size"
target = "crates/rafter-app/tests/group_read.rs"
value = 1291

[[ratchet]]
rule = "rust.file-size"
target = "crates/rafter-app/tests/group_read_lifecycle.rs"
value = 721

[[ratchet]]
rule = "rust.file-size"
target = "crates/rafter-app/tests/recovery_transaction.rs"
value = 431

[[ratchet]]
rule = "rust.file-size"
target = "crates/rafter-app/tests/support/mod.rs"
value = 885

[[ratchet]]
rule = "rust.file-size"
target = "crates/rafter-crc32/src/lib.rs"
value = 142

[[ratchet]]
rule = "rust.file-size"
target = "crates/rafter-invariants/src/artifact_verify/compile_tests.rs"
value = 409

[[ratchet]]
rule = "rust.file-size"
target = "crates/rafter-invariants/src/evidence/format/tla.rs"
value = 608

[[ratchet]]
rule = "rust.file-size"
target = "crates/rafter-invariants/src/execution/process/internal_command.rs"
value = 388

[[ratchet]]
rule = "rust.file-size"
target = "crates/rafter-invariants/src/execution/process/managed/target.rs"
value = 369

[[ratchet]]
rule = "rust.file-size"
target = "crates/rafter-invariants/src/execution/process/mod.rs"
value = 117

[[ratchet]]
rule = "rust.file-size"
target = "crates/rafter-invariants/src/producer/mod.rs"
value = 263

[[ratchet]]
rule = "rust.file-size"
target = "crates/rafter-invariants/src/producer/source.rs"
value = 396

[[ratchet]]
rule = "rust.file-size"
target = "crates/rafter-invariants/src/producer/tla_checkpoint_tests.rs"
value = 698

[[ratchet]]
rule = "rust.file-size"
target = "crates/rafter-invariants/src/producer/tla_exec_budget_tests.rs"
value = 638

[[ratchet]]
rule = "rust.file-size"
target = "crates/rafter-invariants/src/provenance/source/checkout.rs"
value = 731

[[ratchet]]
rule = "rust.file-size"
target = "crates/rafter-invariants/src/provenance/source/checkout/cargo_inputs.rs"
value = 345

[[ratchet]]
rule = "rust.file-size"
target = "crates/rafter-invariants/src/provenance/source/checkout/config_tests.rs"
value = 863

[[ratchet]]
rule = "rust.file-size"
target = "crates/rafter-invariants/src/provenance/source/checkout/materialization.rs"
value = 369

[[ratchet]]
rule = "rust.file-size"
target = "crates/rafter-invariants/src/provenance/source/checkout/materialization_tests.rs"
value = 566

[[ratchet]]
rule = "rust.file-size"
target = "crates/rafter-invariants/src/provenance/source/checkout/rust_inputs.rs"
value = 675

[[ratchet]]
rule = "rust.file-size"
target = "crates/rafter-invariants/src/provenance/source/checkout/rust_inputs/macro_scan.rs"
value = 361

[[ratchet]]
rule = "rust.file-size"
target = "crates/rafter-invariants/src/provenance/source/checkout/rust_inputs/tests.rs"
value = 843

[[ratchet]]
rule = "rust.file-size"
target = "crates/rafter-invariants/src/tests.rs"
value = 1498

[[ratchet]]
rule = "rust.file-size"
target = "crates/rafter-invariants/src/verification/detector_replay/artifact/publisher.rs"
value = 368

[[ratchet]]
rule = "rust.file-size"
target = "crates/rafter-invariants/src/verification/maelstrom/lease/mod.rs"
value = 167

[[ratchet]]
rule = "rust.file-size"
target = "crates/rafter-invariants/src/verification/maelstrom/receipt/mod.rs"
value = 110

[[ratchet]]
rule = "rust.file-size"
target = "crates/rafter-invariants/src/verification/source/registry_snapshot/cache.rs"
value = 301

[[ratchet]]
rule = "rust.file-size"
target = "crates/rafter-invariants/src/verification/source/registry_snapshot/extract.rs"
value = 327

[[ratchet]]
rule = "rust.file-size"
target = "crates/rafter-invariants/src/verification/source/registry_snapshot/tests.rs"
value = 603

[[ratchet]]
rule = "rust.file-size"
target = "crates/rafter-invariants/src/verification/source/sealed.rs"
value = 413

[[ratchet]]
rule = "rust.file-size"
target = "crates/rafter-invariants/src/verification/tla/tests/full_bundle.rs"
value = 1131

[[ratchet]]
rule = "rust.file-size"
target = "crates/rafter-invariants/src/verification/tla/tests/full_bundle/serialized_tests.rs"
value = 443

[[ratchet]]
rule = "rust.file-size"
target = "crates/rafter-invariants/tests/invariant_catalog_guard/evidence.rs"
value = 1326

[[ratchet]]
rule = "rust.file-size"
target = "crates/rafter-maelstrom/src/answers.rs"
value = 350

[[ratchet]]
rule = "rust.file-size"
target = "crates/rafter-maelstrom/src/app.rs"
value = 389

[[ratchet]]
rule = "rust.file-size"
target = "crates/rafter-maelstrom/src/client.rs"
value = 946

[[ratchet]]
rule = "rust.file-size"
target = "crates/rafter-maelstrom/src/raft/reply_tests.rs"
value = 654

[[ratchet]]
rule = "rust.file-size"
target = "crates/rafter-maelstrom/src/raft/reply_tests/obligation.rs"
value = 718

[[ratchet]]
rule = "rust.file-size"
target = "crates/rafter-maelstrom/src/raft/reply_tests/scope.rs"
value = 416

[[ratchet]]
rule = "rust.file-size"
target = "crates/rafter-multiraft/src/host/tests.rs"
value = 514

[[ratchet]]
rule = "rust.file-size"
target = "crates/rafter-multiraft/src/managed/scheduler.rs"
value = 545

[[ratchet]]
rule = "rust.file-size"
target = "crates/rafter-multiraft/src/managed/typed.rs"
value = 304

[[ratchet]]
rule = "rust.file-size"
target = "crates/rafter-multiraft/src/managed/types.rs"
value = 306

[[ratchet]]
rule = "rust.file-size"
target = "crates/rafter-multiraft/src/typed.rs"
value = 326

[[ratchet]]
rule = "rust.file-size"
target = "crates/rafter-multiraft/src/typed/tests.rs"
value = 427

[[ratchet]]
rule = "rust.file-size"
target = "crates/rafter-multiraft/tests/audit_adversarial.rs"
value = 623

[[ratchet]]
rule = "rust.file-size"
target = "crates/rafter-multiraft/tests/managed_scheduler.rs"
value = 518

[[ratchet]]
rule = "rust.file-size"
target = "crates/rafter-runtime-api/src/lib.rs"
value = 346

[[ratchet]]
rule = "rust.file-size"
target = "crates/rafter-runtime/examples/replicated_kv/process.rs"
value = 816

[[ratchet]]
rule = "rust.file-size"
target = "crates/rafter-runtime/src/construction.rs"
value = 349

[[ratchet]]
rule = "rust.file-size"
target = "crates/rafter-runtime/src/error.rs"
value = 438

[[ratchet]]
rule = "rust.file-size"
target = "crates/rafter-runtime/src/lib.rs"
value = 996

[[ratchet]]
rule = "rust.file-size"
target = "crates/rafter-runtime/src/tests/recovery.rs"
value = 618

[[ratchet]]
rule = "rust.file-size"
target = "crates/rafter-service/src/driver/mapping.rs"
value = 991

[[ratchet]]
rule = "rust.file-size"
target = "crates/rafter-service/src/driver/transport.rs"
value = 950

[[ratchet]]
rule = "rust.file-size"
target = "crates/rafter-service/src/driver/transport/checkpoint.rs"
value = 830

[[ratchet]]
rule = "rust.file-size"
target = "crates/rafter-service/src/driver/transport/policy.rs"
value = 415

[[ratchet]]
rule = "rust.file-size"
target = "crates/rafter-service/src/driver/transport/reconciliation.rs"
value = 868

[[ratchet]]
rule = "rust.file-size"
target = "crates/rafter-service/src/driver/transport/state.rs"
value = 831

[[ratchet]]
rule = "rust.file-size"
target = "crates/rafter-service/src/driver/transport/waiters.rs"
value = 684

[[ratchet]]
rule = "rust.file-size"
target = "crates/rafter-service/src/driver/write.rs"
value = 680

[[ratchet]]
rule = "rust.file-size"
target = "crates/rafter-service/src/error.rs"
value = 792

[[ratchet]]
rule = "rust.file-size"
target = "crates/rafter-service/src/error/vocabulary.rs"
value = 372

[[ratchet]]
rule = "rust.file-size"
target = "crates/rafter-service/src/handle/tests.rs"
value = 476

[[ratchet]]
rule = "rust.file-size"
target = "crates/rafter-service/src/transport.rs"
value = 503

[[ratchet]]
rule = "rust.file-size"
target = "crates/rafter-service/tests/adoption.rs"
value = 569

[[ratchet]]
rule = "rust.file-size"
target = "crates/rafter-service/tests/in_memory_read.rs"
value = 620

[[ratchet]]
rule = "rust.file-size"
target = "crates/rafter-service/tests/in_memory_write.rs"
value = 812

[[ratchet]]
rule = "rust.file-size"
target = "crates/rafter-service/tests/read_waiters.rs"
value = 723

[[ratchet]]
rule = "rust.file-size"
target = "crates/rafter-service/tests/support/mod.rs"
value = 649

[[ratchet]]
rule = "rust.file-size"
target = "crates/rafter-service/tests/support/scripted.rs"
value = 459

[[ratchet]]
rule = "rust.file-size"
target = "crates/rafter-service/tests/support/transport.rs"
value = 530

[[ratchet]]
rule = "rust.file-size"
target = "crates/rafter-service/tests/transport_checkpoint_merge.rs"
value = 901

[[ratchet]]
rule = "rust.file-size"
target = "crates/rafter-service/tests/transport_committed_floor.rs"
value = 439

[[ratchet]]
rule = "rust.file-size"
target = "crates/rafter-service/tests/transport_committed_transition.rs"
value = 806

[[ratchet]]
rule = "rust.file-size"
target = "crates/rafter-service/tests/transport_current_state_merge.rs"
value = 560

[[ratchet]]
rule = "rust.file-size"
target = "crates/rafter-service/tests/transport_driver.rs"
value = 852

[[ratchet]]
rule = "rust.file-size"
target = "crates/rafter-service/tests/transport_failures.rs"
value = 594

[[ratchet]]
rule = "rust.file-size"
target = "crates/rafter-service/tests/transport_identity.rs"
value = 1046

[[ratchet]]
rule = "rust.file-size"
target = "crates/rafter-service/tests/transport_membership.rs"
value = 532

[[ratchet]]
rule = "rust.file-size"
target = "crates/rafter-service/tests/transport_recovery_replay.rs"
value = 840

[[ratchet]]
rule = "rust.file-size"
target = "crates/rafter-service/tests/transport_service_state.rs"
value = 617

[[ratchet]]
rule = "rust.file-size"
target = "crates/rafter-service/tests/transport_streams.rs"
value = 745

[[ratchet]]
rule = "rust.file-size"
target = "crates/rafter-service/tests/transport_waiters.rs"
value = 1047

[[ratchet]]
rule = "rust.file-size"
target = "crates/rafter-sim/src/bin/rafter_model_check_fast/reporting/tests.rs"
value = 430

[[ratchet]]
rule = "rust.file-size"
target = "crates/rafter-sim/src/lib.rs"
value = 404

[[ratchet]]
rule = "rust.file-size"
target = "crates/rafter-sim/src/model_check/application.rs"
value = 630

[[ratchet]]
rule = "rust.file-size"
target = "crates/rafter-sim/src/model_check/checks/witnesses.rs"
value = 350

[[ratchet]]
rule = "rust.file-size"
target = "crates/rafter-sim/src/model_check/explorers/budget.rs"
value = 345

[[ratchet]]
rule = "rust.file-size"
target = "crates/rafter-sim/src/model_check/helpers.rs"
value = 316

[[ratchet]]
rule = "rust.file-size"
target = "crates/rafter-sim/src/model_check/invariants/election.rs"
value = 483

[[ratchet]]
rule = "rust.file-size"
target = "crates/rafter-sim/src/model_check/invariants/persistence.rs"
value = 319

[[ratchet]]
rule = "rust.file-size"
target = "crates/rafter-sim/src/model_check/invariants/snapshot.rs"
value = 629

[[ratchet]]
rule = "rust.file-size"
target = "crates/rafter-sim/src/model_check/invariants/tests/application_epoch.rs"
value = 485

[[ratchet]]
rule = "rust.file-size"
target = "crates/rafter-sim/src/model_check/invariants/tests/commit_history.rs"
value = 759

[[ratchet]]
rule = "rust.file-size"
target = "crates/rafter-sim/src/model_check/invariants/tests/election.rs"
value = 1051

[[ratchet]]
rule = "rust.file-size"
target = "crates/rafter-sim/src/model_check/invariants/tests/log_history.rs"
value = 486

[[ratchet]]
rule = "rust.file-size"
target = "crates/rafter-sim/src/model_check/invariants/tests/persistence_read.rs"
value = 552

[[ratchet]]
rule = "rust.file-size"
target = "crates/rafter-sim/src/model_check/invariants/tests/snapshot_application.rs"
value = 937

[[ratchet]]
rule = "rust.file-size"
target = "crates/rafter-sim/src/model_check/liveness.rs"
value = 388

[[ratchet]]
rule = "rust.file-size"
target = "crates/rafter-sim/src/model_check/liveness/driver.rs"
value = 895

[[ratchet]]
rule = "rust.file-size"
target = "crates/rafter-sim/src/model_check/liveness/features.rs"
value = 810

[[ratchet]]
rule = "rust.file-size"
target = "crates/rafter-sim/src/model_check/liveness/features/membership.rs"
value = 423

[[ratchet]]
rule = "rust.file-size"
target = "crates/rafter-sim/src/model_check/liveness/features/proposal.rs"
value = 414

[[ratchet]]
rule = "rust.file-size"
target = "crates/rafter-sim/src/model_check/liveness/features/read.rs"
value = 323

[[ratchet]]
rule = "rust.file-size"
target = "crates/rafter-sim/src/model_check/liveness/features/report_tests.rs"
value = 410

[[ratchet]]
rule = "rust.file-size"
target = "crates/rafter-sim/src/model_check/observations.rs"
value = 321

[[ratchet]]
rule = "rust.file-size"
target = "crates/rafter-sim/src/model_check/scheduling.rs"
value = 314

[[ratchet]]
rule = "rust.file-size"
target = "crates/rafter-sim/src/model_check/state.rs"
value = 508

[[ratchet]]
rule = "rust.file-size"
target = "crates/rafter-sim/src/model_check/state/client.rs"
value = 630

[[ratchet]]
rule = "rust.file-size"
target = "crates/rafter-sim/src/model_check/state/commit.rs"
value = 525

[[ratchet]]
rule = "rust.file-size"
target = "crates/rafter-sim/src/model_check/state/election.rs"
value = 625

[[ratchet]]
rule = "rust.file-size"
target = "crates/rafter-sim/src/model_check/state/snapshot.rs"
value = 989

[[ratchet]]
rule = "rust.file-size"
target = "crates/rafter-sim/src/network/delivery.rs"
value = 683

[[ratchet]]
rule = "rust.file-size"
target = "crates/rafter-sim/src/records.rs"
value = 360

[[ratchet]]
rule = "rust.file-size"
target = "crates/rafter-storage/src/format/v1/log_entry.rs"
value = 507

[[ratchet]]
rule = "rust.file-size"
target = "crates/rafter-storage/src/format/v1/snapshot.rs"
value = 442

[[ratchet]]
rule = "rust.file-size"
target = "crates/rafter-storage/src/lib.rs"
value = 141

[[ratchet]]
rule = "rust.file-size"
target = "crates/rafter-storage/src/raft_log_segment/error.rs"
value = 366

[[ratchet]]
rule = "rust.file-size"
target = "crates/rafter-storage/src/raft_snapshot_store/error.rs"
value = 394

[[ratchet]]
rule = "rust.file-size"
target = "crates/rafter-storage/src/raft_snapshot_store/open.rs"
value = 334

[[ratchet]]
rule = "rust.file-size"
target = "crates/rafter-storage/src/raft_snapshot_store/pending_transfer_test.rs"
value = 478

[[ratchet]]
rule = "rust.file-size"
target = "crates/rafter-storage/src/raft_snapshot_store_test.rs"
value = 413

[[ratchet]]
rule = "rust.file-size"
target = "crates/rafter-storage/tests/log_boundary_bounds.rs"
value = 579

[[ratchet]]
rule = "rust.file-size"
target = "crates/rafter-transport-tcp-insecure/src/lib.rs"
value = 486

[[ratchet]]
rule = "rust.file-size"
target = "crates/rafter-transport-tls/src/builder/state.rs"
value = 314

[[ratchet]]
rule = "rust.file-size"
target = "crates/rafter-transport-tls/src/config/timeouts.rs"
value = 302

[[ratchet]]
rule = "rust.file-size"
target = "crates/rafter-transport-tls/src/connection/sender.rs"
value = 317

[[ratchet]]
rule = "rust.file-size"
target = "crates/rafter-transport-tls/src/directory/mutation.rs"
value = 312

[[ratchet]]
rule = "rust.file-size"
target = "crates/rafter-transport-tls/src/endpoint/book.rs"
value = 316

[[ratchet]]
rule = "rust.file-size"
target = "crates/rafter-transport-tls/src/lib.rs"
value = 110

[[ratchet]]
rule = "rust.file-size"
target = "crates/rafter-transport-tls/src/session/file/mod.rs"
value = 136

[[ratchet]]
rule = "rust.file-size"
target = "crates/rafter-transport-tls/src/session/state.rs"
value = 313

[[ratchet]]
rule = "rust.file-size"
target = "crates/rafter-transport-tls/src/wire/frame/codec.rs"
value = 331

[[ratchet]]
rule = "rust.file-size"
target = "crates/rafter-transport-tls/tests/snapshot_chunks.rs"
value = 515

[[ratchet]]
rule = "rust.file-size"
target = "crates/rafter/src/lib.rs"
value = 144

[[ratchet]]
rule = "rust.file-size"
target = "crates/rafter/src/node/bootstrap/error.rs"
value = 383

[[ratchet]]
rule = "rust.file-size"
target = "crates/rafter/src/node/election.rs"
value = 312

[[ratchet]]
rule = "rust.file-size"
target = "crates/rafter/src/node/log.rs"
value = 618

[[ratchet]]
rule = "rust.file-size"
target = "crates/rafter/src/node/tests/pre_vote.rs"
value = 424

[[ratchet]]
rule = "rust.file-size"
target = "crates/rafter/src/node/tests/replication/follower.rs"
value = 407

[[ratchet]]
rule = "rust.file-size"
target = "crates/rafter/src/types/membership.rs"
value = 350

[[ratchet]]
rule = "rust.file-size"
target = "crates/rafter/tests/ci_test_inventory_contract.rs"
value = 402

[[ratchet]]
rule = "rust.file-size"
target = "crates/rafter/tests/dependency_boundary.rs"
value = 416

[[ratchet]]
rule = "rust.file-size"
target = "crates/rafter/tests/invariant_ci_contract/portability_scenarios.rs"
value = 511

[[ratchet]]
rule = "rust.file-size"
target = "crates/rafter/tests/invariant_tooling_architecture_guard/analysis_scenarios.rs"
value = 509

[[ratchet]]
rule = "rust.file-size"
target = "crates/rafter/tests/invariant_tooling_architecture_guard/domain_scenarios.rs"
value = 841

[[ratchet]]
rule = "rust.file-size"
target = "crates/rafter/tests/invariant_tooling_architecture_guard/process_scenarios.rs"
value = 562

[[ratchet]]
rule = "rust.file-size"
target = "crates/rafter/tests/invariant_tooling_architecture_guard/support/module_graph.rs"
value = 487

[[ratchet]]
rule = "rust.file-size"
target = "crates/rafter/tests/invariant_tooling_architecture_guard/support/rust_paths.rs"
value = 471

[[ratchet]]
rule = "rust.file-size"
target = "crates/rafter/tests/properties.rs"
value = 1023

[[ratchet]]
rule = "rust.file-size"
target = "crates/rafter/tests/public_api_docs_guard.rs"
value = 1101

[[ratchet]]
rule = "rust.file-size"
target = "crates/rafter/tests/readability_architecture_guard.rs"
value = 626

[[ratchet]]
rule = "rust.file-size"
target = "crates/rafter/tests/storage_readability_architecture_guard.rs"
value = 481

[[ratchet]]
rule = "rust.inline-tests"
target = "crates/rafter-app/src/error.rs"
value = 9

[[ratchet]]
rule = "rust.inline-tests"
target = "crates/rafter-app/src/membership.rs"
value = 4

[[ratchet]]
rule = "rust.inline-tests"
target = "crates/rafter-app/src/transport.rs"
value = 9

[[ratchet]]
rule = "rust.inline-tests"
target = "crates/rafter-crc32/src/lib.rs"
value = 6

[[ratchet]]
rule = "rust.inline-tests"
target = "crates/rafter-maelstrom/src/answers.rs"
value = 5

[[ratchet]]
rule = "rust.inline-tests"
target = "crates/rafter-maelstrom/src/bin/rafter-maelstrom-leader-restart-proxy/config.rs"
value = 2

[[ratchet]]
rule = "rust.inline-tests"
target = "crates/rafter-maelstrom/src/bin/rafter-maelstrom-leader-restart-proxy/protocol.rs"
value = 6

[[ratchet]]
rule = "rust.inline-tests"
target = "crates/rafter-maelstrom/src/membership.rs"
value = 3

[[ratchet]]
rule = "rust.inline-tests"
target = "crates/rafter-maelstrom/src/protocol.rs"
value = 3

[[ratchet]]
rule = "rust.inline-tests"
target = "crates/rafter-maelstrom/src/raft_node.rs"
value = 3

[[ratchet]]
rule = "rust.inline-tests"
target = "crates/rafter-maelstrom/src/runtime.rs"
value = 2

[[ratchet]]
rule = "rust.inline-tests"
target = "crates/rafter-service/src/driver/mapping.rs"
value = 7

[[ratchet]]
rule = "rust.inline-tests"
target = "crates/rafter-service/src/driver/write.rs"
value = 5

[[ratchet]]
rule = "rust.inline-tests"
target = "crates/rafter-service/src/membership.rs"
value = 6

[[ratchet]]
rule = "rust.inline-tests"
target = "crates/rafter-service/src/transport.rs"
value = 11

[[ratchet]]
rule = "rust.inline-tests"
target = "crates/rafter-service/src/watch.rs"
value = 6

[[ratchet]]
rule = "rust.inline-tests"
target = "crates/rafter-sim/src/bin/rafter_model_check_fast/runner/exhaustive.rs"
value = 3

[[ratchet]]
rule = "rust.inline-tests"
target = "crates/rafter-sim/src/model_check/application.rs"
value = 3

[[ratchet]]
rule = "rust.inline-tests"
target = "crates/rafter-sim/src/model_check/checks/witnesses.rs"
value = 2

[[ratchet]]
rule = "rust.inline-tests"
target = "crates/rafter-sim/src/model_check/liveness/driver.rs"
value = 1

[[ratchet]]
rule = "rust.inline-tests"
target = "crates/rafter-sim/src/model_check/liveness/features/membership.rs"
value = 3

[[ratchet]]
rule = "rust.inline-tests"
target = "crates/rafter-sim/src/model_check/liveness/features/read.rs"
value = 4

[[ratchet]]
rule = "rust.inline-tests"
target = "crates/rafter-sim/src/model_check/liveness/features/transfer.rs"
value = 2

[[ratchet]]
rule = "rust.inline-tests"
target = "crates/rafter-sim/src/model_check/observations.rs"
value = 2

[[ratchet]]
rule = "rust.inline-tests"
target = "crates/rafter-sim/src/model_check/scheduling.rs"
value = 3

[[ratchet]]
rule = "rust.inline-tests"
target = "crates/rafter-transport-tls/src/connection/backoff.rs"
value = 4

[[ratchet]]
rule = "rust.inline-tests"
target = "crates/rafter-transport-tls/src/connection/receiver/scratch.rs"
value = 3

[[ratchet]]
rule = "rust.inline-tests"
target = "crates/rafter-transport-tls/src/queue/receive_memory.rs"
value = 3
