# This file is generated by `zrail update`; do not edit by hand.
schema = 3
semantics = 6
producer = "0.0.3-rc.8"
contract_sha256 = "cbd07a3908f628c40b09b8555372a2d8d285df2adfe2a8ca1ba07e4fc251c419"

[analysis]
inventory_sha256 = "e752d2cedd0d1a2b5194e3d87046479af6ad8d25a1fce75f02c64456a5191cda"
exclusions_sha256 = "938ddad6868e3a6a928a0720de503d2c6745c1ed05522321fd81e0d2a9f4c6ca"
cargo_lock_sha256 = "842f09a5e4891422572b95ec5140da82b6b1c8278e29c9cf3e7f0ed6e41dcca5"
cargo_features_sha256 = "24b61d47c1d7b3cd8877a438029133a089a7d479a1f0f5c247da70fa1064d7b2"
feature_worlds_sha256 = "e3b0c44298fc1c149afbf4c8996fb92427ae41e4649b934ca495991b7852b855"
feature_worlds = 0
packages = 16
targets = 148
physical_rust_files = 1950
base_source_contexts = 3336
derived_source_contexts = 0
source_facts = 719713
projection_queries = 2837776
projected_facts = 2503
unresolved_bindings = 0
analyzer_semantics = 6

[[analysis.contract_source]]
path = "zrail-baseline.toml"
sha256 = "1902d69e5cda7ba822bcd4f15bfbf053a26b3f42efcedd3ca22098090ae69ca0"

[[analysis.contract_source]]
path = "zrail.toml"
sha256 = "053bfc0321e9ae27167d46f103098c2beb136b1f14aa67d1d9914fbf90de34dd"

[[package]]
name = "rafter"

[[package.dependency]]
alias = "criterion"
name = "criterion"
crate_root = "criterion"
kind = "development"
scope = "external"
optional = false
default_features = false

[package.dependency.source]
kind = "registry"
requirement = "0.5"

[[package.dependency]]
alias = "proc-macro2"
name = "proc-macro2"
kind = "development"
scope = "external"
optional = false
default_features = true

[package.dependency.source]
kind = "registry"
requirement = "1"

[[package.dependency]]
alias = "proptest"
name = "proptest"
crate_root = "proptest"
kind = "development"
scope = "external"
optional = false
default_features = true

[package.dependency.source]
kind = "registry"
requirement = "1"

[[package.dependency]]
alias = "rafter-invariant-test"
name = "rafter-invariant-test"
crate_root = "rafter_invariant_test"
kind = "development"
scope = "internal"
optional = false
default_features = true

[package.dependency.source]
kind = "workspace-member"
directory = "crates/rafter-invariant-test"

[[package.dependency]]
alias = "syn"
name = "syn"
crate_root = "syn"
kind = "development"
scope = "external"
optional = false
default_features = true
features = [
    "full",
    "visit",
]

[package.dependency.source]
kind = "registry"
requirement = "2"

[[package]]
name = "rafter-app"

[[package.dependency]]
alias = "rafter"
name = "rafter"
crate_root = "rafter"
kind = "normal"
scope = "internal"
optional = false
default_features = true

[package.dependency.source]
kind = "workspace-member"
directory = "crates/rafter"
requirement = "=0.0.2-alpha.1"

[[package.dependency]]
alias = "rafter-invariant-test"
name = "rafter-invariant-test"
crate_root = "rafter_invariant_test"
kind = "development"
scope = "internal"
optional = false
default_features = true

[package.dependency.source]
kind = "workspace-member"
directory = "crates/rafter-invariant-test"

[[package.dependency]]
alias = "rafter-runtime"
name = "rafter-runtime"
crate_root = "rafter_runtime"
kind = "development"
scope = "internal"
optional = false
default_features = true

[package.dependency.source]
kind = "workspace-member"
directory = "crates/rafter-runtime"
requirement = "=0.0.2-alpha.1"

[[package.dependency]]
alias = "rafter-runtime-api"
name = "rafter-runtime-api"
crate_root = "rafter_runtime_api"
kind = "normal"
scope = "internal"
optional = false
default_features = true

[package.dependency.source]
kind = "workspace-member"
directory = "crates/rafter-runtime-api"
requirement = "=0.0.2-alpha.1"

[[package.dependency]]
alias = "rafter-storage"
name = "rafter-storage"
crate_root = "rafter_storage"
kind = "development"
scope = "internal"
optional = false
default_features = true

[package.dependency.source]
kind = "workspace-member"
directory = "crates/rafter-storage"
requirement = "=0.0.2-alpha.1"

[[package]]
name = "rafter-codec"

[[package.dependency]]
alias = "criterion"
name = "criterion"
crate_root = "criterion"
kind = "development"
scope = "external"
optional = false
default_features = false

[package.dependency.source]
kind = "registry"
requirement = "0.5"

[[package.dependency]]
alias = "proptest"
name = "proptest"
crate_root = "proptest"
kind = "development"
scope = "external"
optional = false
default_features = true

[package.dependency.source]
kind = "registry"
requirement = "1"

[[package.dependency]]
alias = "rafter"
name = "rafter"
crate_root = "rafter"
kind = "normal"
scope = "internal"
optional = false
default_features = true

[package.dependency.source]
kind = "workspace-member"
directory = "crates/rafter"
requirement = "=0.0.2-alpha.1"

[[package.dependency]]
alias = "rafter-crc32"
name = "rafter-crc32"
crate_root = "rafter_crc32"
kind = "normal"
scope = "internal"
optional = false
default_features = true

[package.dependency.source]
kind = "workspace-member"
directory = "crates/rafter-crc32"
requirement = "=0.0.2-alpha.1"

[[package]]
name = "rafter-crc32"
dependency = []

[[package]]
name = "rafter-invariant-test"

[[package.dependency]]
alias = "nix"
name = "nix"
kind = "normal"
scope = "external"
target = "cfg(unix)"
optional = false
default_features = false
features = ["socket"]

[package.dependency.source]
kind = "registry"
requirement = "0.31.3"

[[package.dependency]]
alias = "rafter-invariant-test-macros"
name = "rafter-invariant-test-macros"
crate_root = "rafter_invariant_test_macros"
kind = "normal"
scope = "internal"
optional = false
default_features = true

[package.dependency.source]
kind = "workspace-member"
directory = "crates/rafter-invariant-test-macros"

[[package.dependency]]
alias = "trybuild"
name = "trybuild"
kind = "development"
scope = "external"
optional = false
default_features = true

[package.dependency.source]
kind = "registry"
requirement = "1"

[[package]]
name = "rafter-invariant-test-macros"

[[package.dependency]]
alias = "proc-macro2"
name = "proc-macro2"
kind = "normal"
scope = "external"
optional = false
default_features = true

[package.dependency.source]
kind = "registry"
requirement = "1"

[[package.dependency]]
alias = "quote"
name = "quote"
crate_root = "quote"
kind = "normal"
scope = "external"
optional = false
default_features = true

[package.dependency.source]
kind = "registry"
requirement = "1"

[[package.dependency]]
alias = "syn"
name = "syn"
crate_root = "syn"
kind = "normal"
scope = "external"
optional = false
default_features = true
features = ["full"]

[package.dependency.source]
kind = "registry"
requirement = "2"

[[package]]
name = "rafter-invariants"

[[package.dependency]]
alias = "cap-fs-ext"
name = "cap-fs-ext"
kind = "normal"
scope = "external"
optional = false
default_features = true

[package.dependency.source]
kind = "registry"
requirement = "4.0.2"

[[package.dependency]]
alias = "cap-std"
name = "cap-std"
kind = "normal"
scope = "external"
optional = false
default_features = true

[package.dependency.source]
kind = "registry"
requirement = "4.0.2"

[[package.dependency]]
alias = "clap"
name = "clap"
crate_root = "clap"
kind = "normal"
scope = "external"
optional = false
default_features = true
features = ["derive"]

[package.dependency.source]
kind = "registry"
requirement = "4"

[[package.dependency]]
alias = "command-fds"
name = "command-fds"
kind = "normal"
scope = "external"
target = "cfg(unix)"
optional = false
default_features = true

[package.dependency.source]
kind = "registry"
requirement = "0.3.3"

[[package.dependency]]
alias = "edn-format"
name = "edn-format"
kind = "normal"
scope = "external"
optional = false
default_features = true

[package.dependency.source]
kind = "registry"
requirement = "3.3.0"

[[package.dependency]]
alias = "flate2"
name = "flate2"
kind = "normal"
scope = "external"
optional = false
default_features = true

[package.dependency.source]
kind = "registry"
requirement = "1.1.9"

[[package.dependency]]
alias = "jsonschema"
name = "jsonschema"
kind = "normal"
scope = "external"
optional = false
default_features = false

[package.dependency.source]
kind = "registry"
requirement = "0.33.0"

[[package.dependency]]
alias = "nix"
name = "nix"
kind = "normal"
scope = "external"
target = "cfg(unix)"
optional = false
default_features = false
features = ["socket"]

[package.dependency.source]
kind = "registry"
requirement = "0.31.3"

[[package.dependency]]
alias = "proc-macro2"
name = "proc-macro2"
kind = "normal"
scope = "external"
optional = false
default_features = true

[package.dependency.source]
kind = "registry"
requirement = "1"

[[package.dependency]]
alias = "quick-xml"
name = "quick-xml"
kind = "development"
scope = "external"
optional = false
default_features = true

[package.dependency.source]
kind = "registry"
requirement = "0.39.4"

[[package.dependency]]
alias = "rafter"
name = "rafter"
crate_root = "rafter"
kind = "development"
scope = "internal"
optional = false
default_features = true

[package.dependency.source]
kind = "workspace-member"
directory = "crates/rafter"

[[package.dependency]]
alias = "rafter-sim"
name = "rafter-sim"
crate_root = "rafter_sim"
kind = "development"
scope = "internal"
optional = false
default_features = true

[package.dependency.source]
kind = "workspace-member"
directory = "crates/rafter-sim"

[[package.dependency]]
alias = "rustix"
name = "rustix"
kind = "normal"
scope = "external"
target = "cfg(unix)"
optional = false
default_features = true
features = [
    "fs",
    "process",
]

[package.dependency.source]
kind = "registry"
requirement = "1.1.4"

[[package.dependency]]
alias = "serde"
name = "serde"
crate_root = "serde"
kind = "normal"
scope = "external"
optional = false
default_features = true
features = ["derive"]

[package.dependency.source]
kind = "registry"
requirement = "1"

[[package.dependency]]
alias = "serde_json"
name = "serde_json"
crate_root = "serde_json"
kind = "normal"
scope = "external"
optional = false
default_features = true

[package.dependency.source]
kind = "registry"
requirement = "1"

[[package.dependency]]
alias = "sha1"
name = "sha1"
kind = "normal"
scope = "external"
optional = false
default_features = true

[package.dependency.source]
kind = "registry"
requirement = "0.10"

[[package.dependency]]
alias = "sha2"
name = "sha2"
kind = "normal"
scope = "external"
optional = false
default_features = true

[package.dependency.source]
kind = "registry"
requirement = "0.10"

[[package.dependency]]
alias = "syn"
name = "syn"
crate_root = "syn"
kind = "normal"
scope = "external"
optional = false
default_features = true
features = [
    "full",
    "visit",
]

[package.dependency.source]
kind = "registry"
requirement = "2"

[[package.dependency]]
alias = "tar"
name = "tar"
kind = "normal"
scope = "external"
optional = false
default_features = true

[package.dependency.source]
kind = "registry"
requirement = "0.4.45"

[[package.dependency]]
alias = "tempfile"
name = "tempfile"
kind = "normal"
scope = "external"
optional = false
default_features = true

[package.dependency.source]
kind = "registry"
requirement = "3"

[[package.dependency]]
alias = "toml"
name = "toml"
kind = "normal"
scope = "external"
optional = false
default_features = true

[package.dependency.source]
kind = "registry"
requirement = "0.8"

[[package]]
name = "rafter-maelstrom"

[[package.dependency]]
alias = "rafter"
name = "rafter"
crate_root = "rafter"
kind = "normal"
scope = "internal"
optional = false
default_features = true

[package.dependency.source]
kind = "workspace-member"
directory = "crates/rafter"
requirement = "=0.0.2-alpha.1"

[[package.dependency]]
alias = "rafter-codec"
name = "rafter-codec"
crate_root = "rafter_codec"
kind = "normal"
scope = "internal"
optional = false
default_features = true

[package.dependency.source]
kind = "workspace-member"
directory = "crates/rafter-codec"
requirement = "=0.0.2-alpha.1"

[[package.dependency]]
alias = "rafter-invariant-test"
name = "rafter-invariant-test"
crate_root = "rafter_invariant_test"
kind = "development"
scope = "internal"
optional = false
default_features = true

[package.dependency.source]
kind = "workspace-member"
directory = "crates/rafter-invariant-test"

[[package.dependency]]
alias = "rafter-runtime"
name = "rafter-runtime"
crate_root = "rafter_runtime"
kind = "normal"
scope = "internal"
optional = false
default_features = true

[package.dependency.source]
kind = "workspace-member"
directory = "crates/rafter-runtime"
requirement = "=0.0.2-alpha.1"

[[package.dependency]]
alias = "rafter-storage"
name = "rafter-storage"
crate_root = "rafter_storage"
kind = "normal"
scope = "internal"
optional = false
default_features = true

[package.dependency.source]
kind = "workspace-member"
directory = "crates/rafter-storage"
requirement = "=0.0.2-alpha.1"

[[package.dependency]]
alias = "serde"
name = "serde"
crate_root = "serde"
kind = "normal"
scope = "external"
optional = false
default_features = true
features = ["derive"]

[package.dependency.source]
kind = "registry"
requirement = "1"

[[package.dependency]]
alias = "serde_json"
name = "serde_json"
crate_root = "serde_json"
kind = "normal"
scope = "external"
optional = false
default_features = true

[package.dependency.source]
kind = "registry"
requirement = "1"

[[package]]
name = "rafter-multiraft"

[[package.dependency]]
alias = "rafter"
name = "rafter"
crate_root = "rafter"
kind = "development"
scope = "internal"
optional = false
default_features = true

[package.dependency.source]
kind = "workspace-member"
directory = "crates/rafter"
requirement = "=0.0.2-alpha.1"

[[package.dependency]]
alias = "rafter-app"
name = "rafter-app"
crate_root = "rafter_app"
kind = "normal"
scope = "internal"
optional = false
default_features = true

[package.dependency.source]
kind = "workspace-member"
directory = "crates/rafter-app"
requirement = "=0.0.2-alpha.1"

[[package.dependency]]
alias = "rafter-runtime"
name = "rafter-runtime"
crate_root = "rafter_runtime"
kind = "development"
scope = "internal"
optional = false
default_features = true

[package.dependency.source]
kind = "workspace-member"
directory = "crates/rafter-runtime"
requirement = "=0.0.2-alpha.1"

[[package.dependency]]
alias = "rafter-runtime-api"
name = "rafter-runtime-api"
crate_root = "rafter_runtime_api"
kind = "normal"
scope = "internal"
optional = false
default_features = true

[package.dependency.source]
kind = "workspace-member"
directory = "crates/rafter-runtime-api"
requirement = "=0.0.2-alpha.1"

[[package.dependency]]
alias = "rafter-storage"
name = "rafter-storage"
crate_root = "rafter_storage"
kind = "development"
scope = "internal"
optional = false
default_features = true

[package.dependency.source]
kind = "workspace-member"
directory = "crates/rafter-storage"
requirement = "=0.0.2-alpha.1"

[[package]]
name = "rafter-runtime"

[[package.dependency]]
alias = "rafter"
name = "rafter"
crate_root = "rafter"
kind = "normal"
scope = "internal"
optional = false
default_features = true

[package.dependency.source]
kind = "workspace-member"
directory = "crates/rafter"
requirement = "=0.0.2-alpha.1"

[[package.dependency]]
alias = "rafter-invariant-test"
name = "rafter-invariant-test"
crate_root = "rafter_invariant_test"
kind = "development"
scope = "internal"
optional = false
default_features = true

[package.dependency.source]
kind = "workspace-member"
directory = "crates/rafter-invariant-test"

[[package.dependency]]
alias = "rafter-runtime-api"
name = "rafter-runtime-api"
crate_root = "rafter_runtime_api"
kind = "normal"
scope = "internal"
optional = false
default_features = true

[package.dependency.source]
kind = "workspace-member"
directory = "crates/rafter-runtime-api"
requirement = "=0.0.2-alpha.1"

[[package.dependency]]
alias = "rafter-storage"
name = "rafter-storage"
crate_root = "rafter_storage"
kind = "normal"
scope = "internal"
optional = false
default_features = true

[package.dependency.source]
kind = "workspace-member"
directory = "crates/rafter-storage"
requirement = "=0.0.2-alpha.1"

[[package.dependency]]
alias = "rafter-transport-tcp-insecure"
name = "rafter-transport-tcp-insecure"
crate_root = "rafter_transport_tcp_insecure"
kind = "development"
scope = "internal"
optional = false
default_features = true

[package.dependency.source]
kind = "workspace-member"
directory = "crates/rafter-transport-tcp-insecure"
requirement = "=0.0.2-alpha.1"

[[package]]
name = "rafter-runtime-api"

[[package.dependency]]
alias = "rafter"
name = "rafter"
crate_root = "rafter"
kind = "normal"
scope = "internal"
optional = false
default_features = true

[package.dependency.source]
kind = "workspace-member"
directory = "crates/rafter"
requirement = "=0.0.2-alpha.1"

[[package]]
name = "rafter-service"

[[package.dependency]]
alias = "rafter"
name = "rafter"
crate_root = "rafter"
kind = "normal"
scope = "internal"
optional = false
default_features = true

[package.dependency.source]
kind = "workspace-member"
directory = "crates/rafter"
requirement = "=0.0.2-alpha.1"

[[package.dependency]]
alias = "rafter-app"
name = "rafter-app"
crate_root = "rafter_app"
kind = "normal"
scope = "internal"
optional = false
default_features = true

[package.dependency.source]
kind = "workspace-member"
directory = "crates/rafter-app"
requirement = "=0.0.2-alpha.1"

[[package.dependency]]
alias = "rafter-runtime"
name = "rafter-runtime"
crate_root = "rafter_runtime"
kind = "development"
scope = "internal"
optional = false
default_features = true

[package.dependency.source]
kind = "workspace-member"
directory = "crates/rafter-runtime"
requirement = "=0.0.2-alpha.1"

[[package.dependency]]
alias = "rafter-runtime-api"
name = "rafter-runtime-api"
crate_root = "rafter_runtime_api"
kind = "normal"
scope = "internal"
optional = false
default_features = true

[package.dependency.source]
kind = "workspace-member"
directory = "crates/rafter-runtime-api"
requirement = "=0.0.2-alpha.1"

[[package.dependency]]
alias = "rafter-storage"
name = "rafter-storage"
crate_root = "rafter_storage"
kind = "development"
scope = "internal"
optional = false
default_features = true

[package.dependency.source]
kind = "workspace-member"
directory = "crates/rafter-storage"
requirement = "=0.0.2-alpha.1"

[[package]]
name = "rafter-sim"

[[package.dependency]]
alias = "rafter"
name = "rafter"
crate_root = "rafter"
kind = "normal"
scope = "internal"
optional = false
default_features = true

[package.dependency.source]
kind = "workspace-member"
directory = "crates/rafter"
requirement = "=0.0.2-alpha.1"

[[package.dependency]]
alias = "rafter-invariant-test"
name = "rafter-invariant-test"
crate_root = "rafter_invariant_test"
kind = "development"
scope = "internal"
optional = false
default_features = true

[package.dependency.source]
kind = "workspace-member"
directory = "crates/rafter-invariant-test"

[[package.dependency]]
alias = "serde_json"
name = "serde_json"
crate_root = "serde_json"
kind = "normal"
scope = "external"
optional = false
default_features = true

[package.dependency.source]
kind = "registry"
requirement = "1"

[[package]]
name = "rafter-storage"

[[package.dependency]]
alias = "fs4"
name = "fs4"
kind = "normal"
scope = "external"
optional = false
default_features = false
features = ["sync"]

[package.dependency.source]
kind = "registry"
requirement = "1.1.0"

[[package.dependency]]
alias = "rafter"
name = "rafter"
crate_root = "rafter"
kind = "normal"
scope = "internal"
optional = false
default_features = true

[package.dependency.source]
kind = "workspace-member"
directory = "crates/rafter"
requirement = "=0.0.2-alpha.1"

[[package.dependency]]
alias = "rafter-crc32"
name = "rafter-crc32"
crate_root = "rafter_crc32"
kind = "normal"
scope = "internal"
optional = false
default_features = true

[package.dependency.source]
kind = "workspace-member"
directory = "crates/rafter-crc32"
requirement = "=0.0.2-alpha.1"

[[package.dependency]]
alias = "rafter-invariant-test"
name = "rafter-invariant-test"
crate_root = "rafter_invariant_test"
kind = "development"
scope = "internal"
optional = false
default_features = true

[package.dependency.source]
kind = "workspace-member"
directory = "crates/rafter-invariant-test"

[[package]]
name = "rafter-transport-tcp-insecure"

[[package.dependency]]
alias = "rafter"
name = "rafter"
crate_root = "rafter"
kind = "normal"
scope = "internal"
optional = false
default_features = true

[package.dependency.source]
kind = "workspace-member"
directory = "crates/rafter"
requirement = "=0.0.2-alpha.1"

[[package.dependency]]
alias = "rafter-codec"
name = "rafter-codec"
crate_root = "rafter_codec"
kind = "normal"
scope = "internal"
optional = false
default_features = true

[package.dependency.source]
kind = "workspace-member"
directory = "crates/rafter-codec"
requirement = "=0.0.2-alpha.1"

[[package]]
name = "rafter-transport-tls"

[[package.dependency]]
alias = "fs4"
name = "fs4"
kind = "normal"
scope = "external"
optional = false
default_features = false
features = ["sync"]

[package.dependency.source]
kind = "registry"
requirement = "1.1.0"

[[package.dependency]]
alias = "rafter"
name = "rafter"
crate_root = "rafter"
kind = "normal"
scope = "internal"
optional = false
default_features = true

[package.dependency.source]
kind = "workspace-member"
directory = "crates/rafter"
requirement = "=0.0.2-alpha.1"

[[package.dependency]]
alias = "rafter-app"
name = "rafter-app"
crate_root = "rafter_app"
kind = "development"
scope = "internal"
optional = false
default_features = true

[package.dependency.source]
kind = "workspace-member"
directory = "crates/rafter-app"
requirement = "=0.0.2-alpha.1"

[[package.dependency]]
alias = "rafter-codec"
name = "rafter-codec"
crate_root = "rafter_codec"
kind = "normal"
scope = "internal"
optional = false
default_features = true

[package.dependency.source]
kind = "workspace-member"
directory = "crates/rafter-codec"
requirement = "=0.0.2-alpha.1"

[[package.dependency]]
alias = "rafter-crc32"
name = "rafter-crc32"
crate_root = "rafter_crc32"
kind = "normal"
scope = "internal"
optional = false
default_features = true

[package.dependency.source]
kind = "workspace-member"
directory = "crates/rafter-crc32"
requirement = "=0.0.2-alpha.1"

[[package.dependency]]
alias = "rafter-runtime"
name = "rafter-runtime"
crate_root = "rafter_runtime"
kind = "development"
scope = "internal"
optional = false
default_features = true

[package.dependency.source]
kind = "workspace-member"
directory = "crates/rafter-runtime"
requirement = "=0.0.2-alpha.1"

[[package.dependency]]
alias = "rafter-service"
name = "rafter-service"
crate_root = "rafter_service"
kind = "normal"
scope = "internal"
optional = false
default_features = true

[package.dependency.source]
kind = "workspace-member"
directory = "crates/rafter-service"
requirement = "=0.0.2-alpha.1"

[[package.dependency]]
alias = "rafter-storage"
name = "rafter-storage"
crate_root = "rafter_storage"
kind = "development"
scope = "internal"
optional = false
default_features = true

[package.dependency.source]
kind = "workspace-member"
directory = "crates/rafter-storage"
requirement = "=0.0.2-alpha.1"

[[package.dependency]]
alias = "rustls"
name = "rustls"
kind = "normal"
scope = "external"
optional = false
default_features = false
features = [
    "ring",
    "std",
]

[package.dependency.source]
kind = "registry"
requirement = "0.23.42"

[[package.dependency]]
alias = "sha2"
name = "sha2"
kind = "normal"
scope = "external"
optional = false
default_features = true

[package.dependency.source]
kind = "registry"
requirement = "0.10.9"

[[gate]]
name = "ci"
path = ".github/workflows/ci.yml"
sha256 = "1d5abc63621d649fe2a8069aec9ec343557f8d8895313a2c6aec0b419a174003"

[[gate.input]]
path = ".github/actions/configure-invariant-cargo/action.yml"
sha256 = "d0bd42b67da87cd2aafabb4df2c3dc9a26bad783968911c44dc73b3aa7931559"

[[gate.input]]
path = ".github/actions/setup-rust/action.yml"
sha256 = "4adb8f2b8f881839631c73e4f3d759616b8f380489c7ea23e5b549ba8e422053"

[[gate.input]]
path = "scripts/invariants-pr-preflight"
sha256 = "a5f1d1036378a673269addb26223ee593eb340bd11a36e0aff4a177cabc996c5"

[[gate.input]]
path = "scripts/tests/review_policy_test.py"
sha256 = "e82fc776949cd198e04885c066a33565fb1182f0e20b2aeac133b88175ea28e3"

[[gate.input]]
path = "scripts/zrail-reconcile"
sha256 = "47fbd7ddc88fbd309c3e061261a2a7de8278b925f93e4fd1984f4f2224edb2ec"

[[gate.input]]
path = "verification/github-actions.lock"
sha256 = "d9cdce68c892ba18e227f77106f64df324df02ace62c727d02de89a6453a3561"

[[gate.input]]
path = "zcheck.toml"
sha256 = "570ef93bedbd42b048d6488c5c8975fa7519a34d8b74107ed27a0780d518c679"

[[gate]]
name = "rustdoc"
path = "scripts/rustdoc-check"
sha256 = "c45a71ad5c57a10df1d4329debff73612ec80a4f1413ce4d378fe3174bfb90d4"

[[macro_implementation]]
package = "rafter-invariant-test"
directory = "crates/rafter-invariant-test"
inputs_sha256 = "d33a14fc45f06272ebe9cdfc49dc6efa4010f66a1dac5154097a64454cb92954"

[[macro_implementation]]
package = "rafter-invariants"
directory = "crates/rafter-invariants"
inputs_sha256 = "b8337828b0a3627192b8a75f08f21db3d9ec18d2d670cec6c64d9e8b808a3df9"

[[macro_implementation]]
package = "rafter-multiraft"
directory = "crates/rafter-multiraft"
inputs_sha256 = "fdacdbce567f02b5abe8f6f90ac282ab745762d98d5d8659e0b36f6ed53a4370"

[[macro_source]]
allowance = "clap::Parser"
package = "clap"
version = "4.6.1"
source = "registry+https://github.com/rust-lang/crates.io-index"
checksum = "1ddb117e43bbf7dacf0a4190fef4d345b9bad68dfc649cb349e7d17d28428e51"

[[macro_source]]
allowance = "clap::Subcommand"
package = "clap"
version = "4.6.1"
source = "registry+https://github.com/rust-lang/crates.io-index"
checksum = "1ddb117e43bbf7dacf0a4190fef4d345b9bad68dfc649cb349e7d17d28428e51"

[[macro_source]]
allowance = "criterion::criterion_group"
package = "criterion"
version = "0.5.1"
source = "registry+https://github.com/rust-lang/crates.io-index"
checksum = "f2b12d017a929603d80db1831cd3a24082f8137ce19c69e6447f54f5fc8d692f"

[[macro_source]]
allowance = "criterion::criterion_main"
package = "criterion"
version = "0.5.1"
source = "registry+https://github.com/rust-lang/crates.io-index"
checksum = "f2b12d017a929603d80db1831cd3a24082f8137ce19c69e6447f54f5fc8d692f"

[[macro_source]]
allowance = "proptest::prelude::prop_assert_eq"
package = "proptest"
version = "1.11.0"
source = "registry+https://github.com/rust-lang/crates.io-index"
checksum = "4b45fcc2344c680f5025fe57779faef368840d0bd1f42f216291f0dc4ace4744"

[[macro_source]]
allowance = "proptest::prelude::prop_oneof"
package = "proptest"
version = "1.11.0"
source = "registry+https://github.com/rust-lang/crates.io-index"
checksum = "4b45fcc2344c680f5025fe57779faef368840d0bd1f42f216291f0dc4ace4744"

[[macro_source]]
allowance = "proptest::prelude::proptest"
package = "proptest"
version = "1.11.0"
source = "registry+https://github.com/rust-lang/crates.io-index"
checksum = "4b45fcc2344c680f5025fe57779faef368840d0bd1f42f216291f0dc4ace4744"

[[macro_source]]
allowance = "quote::quote"
package = "quote"
version = "1.0.46"
source = "registry+https://github.com/rust-lang/crates.io-index"
checksum = "dfbc457d0c7a0759a614551b11a6409e5951f6c7537be1f1b7682b9ae9230368"

[[macro_source]]
allowance = "serde"
package = "serde"
version = "1.0.228"
source = "registry+https://github.com/rust-lang/crates.io-index"
checksum = "9a8e94ea7f378bd32cbbd37198a4a91436180c5bb472411e48b5ec2e2124ae9e"

[[macro_source]]
allowance = "serde::Deserialize"
package = "serde"
version = "1.0.228"
source = "registry+https://github.com/rust-lang/crates.io-index"
checksum = "9a8e94ea7f378bd32cbbd37198a4a91436180c5bb472411e48b5ec2e2124ae9e"

[[macro_source]]
allowance = "serde::Serialize"
package = "serde"
version = "1.0.228"
source = "registry+https://github.com/rust-lang/crates.io-index"
checksum = "9a8e94ea7f378bd32cbbd37198a4a91436180c5bb472411e48b5ec2e2124ae9e"

[[macro_source]]
allowance = "serde_json::json"
package = "serde_json"
version = "1.0.150"
source = "registry+https://github.com/rust-lang/crates.io-index"
checksum = "e8014e44b4736ed0538adeecded0fce2a272f22dc9578a7eb6b2d9993c74cfb9"

[[macro_source]]
allowance = "syn::Token"
package = "syn"
version = "2.0.118"
source = "registry+https://github.com/rust-lang/crates.io-index"
checksum = "1b9ae57f904213ebb649ce6895b8a66c66f0203b9319718f69a5612a065b1422"

[[macro_source]]
allowance = "syn::parse_quote"
package = "syn"
version = "2.0.118"
source = "registry+https://github.com/rust-lang/crates.io-index"
checksum = "1b9ae57f904213ebb649ce6895b8a66c66f0203b9319718f69a5612a065b1422"

[[ratchet]]
rule = "rust.file-size"
target = "crates/rafter-app/src/lib.rs"
value = 252

[[ratchet]]
rule = "rust.file-size"
target = "crates/rafter-app/tests/gen7_boundary_probe.rs"
value = 667

[[ratchet]]
rule = "rust.file-size"
target = "crates/rafter-app/tests/group_apply.rs"
value = 617

[[ratchet]]
rule = "rust.file-size"
target = "crates/rafter-app/tests/group_lifecycle.rs"
value = 731

[[ratchet]]
rule = "rust.file-size"
target = "crates/rafter-app/tests/group_membership_losslessness.rs"
value = 758

[[ratchet]]
rule = "rust.file-size"
target = "crates/rafter-app/tests/group_proposal_lifecycle.rs"
value = 1466

[[ratchet]]
rule = "rust.file-size"
target = "crates/rafter-app/tests/group_read.rs"
value = 1289

[[ratchet]]
rule = "rust.file-size"
target = "crates/rafter-app/tests/group_read_lifecycle.rs"
value = 728

[[ratchet]]
rule = "rust.file-size"
target = "crates/rafter-app/tests/recovery_transaction.rs"
value = 432

[[ratchet]]
rule = "rust.file-size"
target = "crates/rafter-app/tests/support/mod.rs"
value = 892

[[ratchet]]
rule = "rust.file-size"
target = "crates/rafter-invariants/src/artifact_verify/compile_tests.rs"
value = 409

[[ratchet]]
rule = "rust.file-size"
target = "crates/rafter-invariants/src/execution/process/mod.rs"
value = 117

[[ratchet]]
rule = "rust.file-size"
target = "crates/rafter-invariants/src/producer/tla_checkpoint_tests.rs"
value = 698

[[ratchet]]
rule = "rust.file-size"
target = "crates/rafter-invariants/src/producer/tla_exec_budget_tests.rs"
value = 638

[[ratchet]]
rule = "rust.file-size"
target = "crates/rafter-invariants/src/provenance/source/checkout/config_tests.rs"
value = 863

[[ratchet]]
rule = "rust.file-size"
target = "crates/rafter-invariants/src/provenance/source/checkout/materialization_tests.rs"
value = 566

[[ratchet]]
rule = "rust.file-size"
target = "crates/rafter-invariants/src/provenance/source/checkout/rust_inputs/tests.rs"
value = 843

[[ratchet]]
rule = "rust.file-size"
target = "crates/rafter-invariants/src/tests.rs"
value = 702

[[ratchet]]
rule = "rust.file-size"
target = "crates/rafter-invariants/src/verification/source/registry_snapshot/tests.rs"
value = 603

[[ratchet]]
rule = "rust.file-size"
target = "crates/rafter-invariants/src/verification/tla/tests/full_bundle.rs"
value = 1131

[[ratchet]]
rule = "rust.file-size"
target = "crates/rafter-invariants/src/verification/tla/tests/full_bundle/serialized_tests.rs"
value = 441

[[ratchet]]
rule = "rust.file-size"
target = "crates/rafter-maelstrom/src/raft/reply_tests.rs"
value = 654

[[ratchet]]
rule = "rust.file-size"
target = "crates/rafter-maelstrom/src/raft/reply_tests/obligation.rs"
value = 625

[[ratchet]]
rule = "rust.file-size"
target = "crates/rafter-multiraft/src/host/tests.rs"
value = 521

[[ratchet]]
rule = "rust.file-size"
target = "crates/rafter-multiraft/src/typed/tests.rs"
value = 434

[[ratchet]]
rule = "rust.file-size"
target = "crates/rafter-multiraft/tests/audit_adversarial.rs"
value = 623

[[ratchet]]
rule = "rust.file-size"
target = "crates/rafter-multiraft/tests/managed_scheduler.rs"
value = 525

[[ratchet]]
rule = "rust.file-size"
target = "crates/rafter-runtime-api/src/lib.rs"
value = 154

[[ratchet]]
rule = "rust.file-size"
target = "crates/rafter-runtime/examples/replicated_kv/process.rs"
value = 805

[[ratchet]]
rule = "rust.file-size"
target = "crates/rafter-runtime/src/tests/recovery.rs"
value = 625

[[ratchet]]
rule = "rust.file-size"
target = "crates/rafter-service/src/handle/tests.rs"
value = 484

[[ratchet]]
rule = "rust.file-size"
target = "crates/rafter-service/tests/adoption.rs"
value = 569

[[ratchet]]
rule = "rust.file-size"
target = "crates/rafter-service/tests/in_memory_read.rs"
value = 628

[[ratchet]]
rule = "rust.file-size"
target = "crates/rafter-service/tests/in_memory_write.rs"
value = 820

[[ratchet]]
rule = "rust.file-size"
target = "crates/rafter-service/tests/read_waiters.rs"
value = 723

[[ratchet]]
rule = "rust.file-size"
target = "crates/rafter-service/tests/support/mod.rs"
value = 657

[[ratchet]]
rule = "rust.file-size"
target = "crates/rafter-service/tests/support/scripted.rs"
value = 459

[[ratchet]]
rule = "rust.file-size"
target = "crates/rafter-service/tests/support/transport.rs"
value = 530

[[ratchet]]
rule = "rust.file-size"
target = "crates/rafter-service/tests/transport_checkpoint_merge.rs"
value = 812

[[ratchet]]
rule = "rust.file-size"
target = "crates/rafter-service/tests/transport_committed_floor.rs"
value = 439

[[ratchet]]
rule = "rust.file-size"
target = "crates/rafter-service/tests/transport_committed_transition.rs"
value = 806

[[ratchet]]
rule = "rust.file-size"
target = "crates/rafter-service/tests/transport_current_state_merge.rs"
value = 560

[[ratchet]]
rule = "rust.file-size"
target = "crates/rafter-service/tests/transport_driver.rs"
value = 840

[[ratchet]]
rule = "rust.file-size"
target = "crates/rafter-service/tests/transport_failures.rs"
value = 594

[[ratchet]]
rule = "rust.file-size"
target = "crates/rafter-service/tests/transport_identity.rs"
value = 991

[[ratchet]]
rule = "rust.file-size"
target = "crates/rafter-service/tests/transport_membership.rs"
value = 532

[[ratchet]]
rule = "rust.file-size"
target = "crates/rafter-service/tests/transport_recovery_replay.rs"
value = 840

[[ratchet]]
rule = "rust.file-size"
target = "crates/rafter-service/tests/transport_service_state.rs"
value = 617

[[ratchet]]
rule = "rust.file-size"
target = "crates/rafter-service/tests/transport_streams.rs"
value = 745

[[ratchet]]
rule = "rust.file-size"
target = "crates/rafter-service/tests/transport_waiters.rs"
value = 914

[[ratchet]]
rule = "rust.file-size"
target = "crates/rafter-sim/src/bin/rafter_model_check_fast/reporting/tests.rs"
value = 437

[[ratchet]]
rule = "rust.file-size"
target = "crates/rafter-sim/src/lib.rs"
value = 105

[[ratchet]]
rule = "rust.file-size"
target = "crates/rafter-sim/src/model_check/invariants/applied.rs"
value = 305

[[ratchet]]
rule = "rust.file-size"
target = "crates/rafter-sim/src/model_check/invariants/snapshot.rs"
value = 517

[[ratchet]]
rule = "rust.file-size"
target = "crates/rafter-sim/src/model_check/invariants/tests/application_epoch.rs"
value = 492

[[ratchet]]
rule = "rust.file-size"
target = "crates/rafter-sim/src/model_check/invariants/tests/commit_history.rs"
value = 766

[[ratchet]]
rule = "rust.file-size"
target = "crates/rafter-sim/src/model_check/invariants/tests/election.rs"
value = 986

[[ratchet]]
rule = "rust.file-size"
target = "crates/rafter-sim/src/model_check/invariants/tests/log_history.rs"
value = 493

[[ratchet]]
rule = "rust.file-size"
target = "crates/rafter-sim/src/model_check/invariants/tests/persistence_read.rs"
value = 559

[[ratchet]]
rule = "rust.file-size"
target = "crates/rafter-sim/src/model_check/invariants/tests/snapshot_application.rs"
value = 853

[[ratchet]]
rule = "rust.file-size"
target = "crates/rafter-sim/src/model_check/liveness/features/report_tests.rs"
value = 417

[[ratchet]]
rule = "rust.file-size"
target = "crates/rafter-storage/src/lib.rs"
value = 141

[[ratchet]]
rule = "rust.file-size"
target = "crates/rafter-storage/src/raft_snapshot_store/pending_transfer_test.rs"
value = 478

[[ratchet]]
rule = "rust.file-size"
target = "crates/rafter-storage/src/raft_snapshot_store_test.rs"
value = 413

[[ratchet]]
rule = "rust.file-size"
target = "crates/rafter-storage/tests/log_boundary_bounds.rs"
value = 579

[[ratchet]]
rule = "rust.file-size"
target = "crates/rafter-transport-tls/src/lib.rs"
value = 110

[[ratchet]]
rule = "rust.file-size"
target = "crates/rafter-transport-tls/tests/snapshot_chunks.rs"
value = 522

[[ratchet]]
rule = "rust.file-size"
target = "crates/rafter-transport-tls/tests/support/runtime.rs"
value = 407

[[ratchet]]
rule = "rust.file-size"
target = "crates/rafter/src/lib.rs"
value = 144

[[ratchet]]
rule = "rust.file-size"
target = "crates/rafter/src/node/log.rs"
value = 311

[[ratchet]]
rule = "rust.file-size"
target = "crates/rafter/src/node/tests/pre_vote.rs"
value = 424

[[ratchet]]
rule = "rust.file-size"
target = "crates/rafter/src/node/tests/replication/follower.rs"
value = 407

[[ratchet]]
rule = "rust.file-size"
target = "crates/rafter/tests/dependency_boundary.rs"
value = 423

[[ratchet]]
rule = "rust.file-size"
target = "crates/rafter/tests/invariant_ci_contract/portability_scenarios.rs"
value = 508

[[ratchet]]
rule = "rust.file-size"
target = "crates/rafter/tests/invariant_tooling_architecture_guard/analysis_scenarios.rs"
value = 509

[[ratchet]]
rule = "rust.file-size"
target = "crates/rafter/tests/invariant_tooling_architecture_guard/domain_scenarios.rs"
value = 845

[[ratchet]]
rule = "rust.file-size"
target = "crates/rafter/tests/invariant_tooling_architecture_guard/process_scenarios.rs"
value = 562

[[ratchet]]
rule = "rust.file-size"
target = "crates/rafter/tests/invariant_tooling_architecture_guard/support/module_graph.rs"
value = 487

[[ratchet]]
rule = "rust.file-size"
target = "crates/rafter/tests/invariant_tooling_architecture_guard/support/rust_paths.rs"
value = 471

[[ratchet]]
rule = "rust.file-size"
target = "crates/rafter/tests/properties.rs"
value = 1016

[[ratchet]]
rule = "rust.file-size"
target = "crates/rafter/tests/public_api_docs_guard.rs"
value = 1198

[[ratchet]]
rule = "rust.file-size"
target = "crates/rafter/tests/readability_architecture_guard.rs"
value = 630

[[ratchet]]
rule = "rust.file-size"
target = "crates/rafter/tests/storage_readability_architecture_guard.rs"
value = 442

[[ratchet]]
rule = "rust.module-docs"
target = "crates/rafter-invariants/src/artifact_verify/tests/reports.rs"
value = 1

[[ratchet]]
rule = "rust.module-docs"
target = "crates/rafter-invariants/src/artifact_verify/tests/resources.rs"
value = 1

[[ratchet]]
rule = "rust.module-docs"
target = "crates/rafter-invariants/src/artifact_verify/tests/schedule.rs"
value = 1

[[ratchet]]
rule = "rust.module-docs"
target = "crates/rafter-invariants/src/verification/maelstrom/tests/full_bundle/bundle_fixture.rs"
value = 1

[[ratchet]]
rule = "rust.module-docs"
target = "crates/rafter-invariants/src/verification/maelstrom/tests/full_bundle/scenarios.rs"
value = 1

[[ratchet]]
rule = "rust.module-docs"
target = "crates/rafter-invariants/src/verification/maelstrom/tests/full_bundle/serialized_fixture.rs"
value = 1
